{
  "version": 4,
  "terraform_version": "1.13.4",
  "serial": 20,
  "lineage": "5c2afb08-51ca-1cd2-1ab9-30d529ea68ca",
  "outputs": {},
  "resources": [
    {
      "module": "module.admin_user",
      "mode": "managed",
      "type": "aws_iam_user",
      "name": "this",
      "provider": "provider[\"registry.terraform.io/hashicorp/aws\"]",
      "instances": [
        {
          "schema_version": 0,
          "attributes": {
            "arn": "arn:aws:iam::211811255273:user/admin-user",
            "force_destroy": false,
            "id": "admin-user",
            "name": "admin-user",
            "path": "/",
            "permissions_boundary": "",
            "tags": {
              "Environment": "management",
              "Project": "terraform-multi-env"
            },
            "tags_all": {
              "Environment": "management",
              "ManagedBy": "terraform",
              "Project": "terraform-multi-env"
            },
            "unique_id": "AIDATCUHPIPU2NRYN52QO"
          },
          "sensitive_attributes": [],
          "identity_schema_version": 0,
          "private": "bnVsbA=="
        }
      ]
    },
    {
      "module": "module.admin_user",
      "mode": "managed",
      "type": "aws_iam_user_policy_attachment",
      "name": "admin_attach",
      "provider": "provider[\"registry.terraform.io/hashicorp/aws\"]",
      "instances": [
        {
          "schema_version": 0,
          "attributes": {
            "id": "admin-user-arn:aws:iam::aws:policy/AdministratorAccess",
            "policy_arn": "arn:aws:iam::aws:policy/AdministratorAccess",
            "user": "admin-user"
          },
          "sensitive_attributes": [],
          "identity_schema_version": 0,
          "private": "eyJzY2hlbWFfdmVyc2lvbiI6IjAifQ==",
          "dependencies": [
            "module.admin_user.aws_iam_user.this"
          ]
        }
      ]
    },
    {
      "module": "module.organization",
      "mode": "managed",
      "type": "aws_organizations_account",
      "name": "accounts",
      "provider": "provider[\"registry.terraform.io/hashicorp/aws\"]",
      "instances": [
        {
          "index_key": "audit",
          "schema_version": 0,
          "attributes": {
            "arn": "arn:aws:organizations::211811255273:account/o-tiz1ddrmwn/288947332919",
            "close_on_deletion": false,
            "create_govcloud": false,
            "email": "arushikhare98@gmail.com",
            "govcloud_id": null,
            "iam_user_access_to_billing": null,
            "id": "288947332919",
            "joined_method": "CREATED",
            "joined_timestamp": "2026-05-10T09:24:24Z",
            "name": "audit-account",
            "parent_id": "r-pyfi",
            "role_name": null,
            "status": "ACTIVE",
            "tags": {
              "Environment": "management",
              "ManagedBy": "terraform",
              "Project": "terraform-multi-env"
            },
            "tags_all": {
              "Environment": "management",
              "ManagedBy": "terraform",
              "Project": "terraform-multi-env"
            },
            "timeouts": null
          },
          "sensitive_attributes": [],
          "identity_schema_version": 0,
          "private": "eyJlMmJmYjczMC1lY2FhLTExZTYtOGY4OC0zNDM2M2JjN2M0YzAiOnsiY3JlYXRlIjo2MDAwMDAwMDAwMDAsImRlbGV0ZSI6NjAwMDAwMDAwMDAwLCJ1cGRhdGUiOjYwMDAwMDAwMDAwMH19"
        },
        {
          "index_key": "connectivity",
          "schema_version": 0,
          "attributes": {
            "arn": "arn:aws:organizations::211811255273:account/o-tiz1ddrmwn/526860034893",
            "close_on_deletion": false,
            "create_govcloud": false,
            "email": "bharatchouksey2021@gmail.com",
            "govcloud_id": null,
            "iam_user_access_to_billing": null,
            "id": "526860034893",
            "joined_method": "CREATED",
            "joined_timestamp": "2026-05-10T09:18:38Z",
            "name": "connectivity-account",
            "parent_id": "r-pyfi",
            "role_name": null,
            "status": "ACTIVE",
            "tags": {
              "Environment": "management",
              "ManagedBy": "terraform",
              "Project": "terraform-multi-env"
            },
            "tags_all": {
              "Environment": "management",
              "ManagedBy": "terraform",
              "Project": "terraform-multi-env"
            },
            "timeouts": null
          },
          "sensitive_attributes": [],
          "identity_schema_version": 0,
          "private": "eyJlMmJmYjczMC1lY2FhLTExZTYtOGY4OC0zNDM2M2JjN2M0YzAiOnsiY3JlYXRlIjo2MDAwMDAwMDAwMDAsImRlbGV0ZSI6NjAwMDAwMDAwMDAwLCJ1cGRhdGUiOjYwMDAwMDAwMDAwMH19"
        },
        {
          "index_key": "dev",
          "schema_version": 0,
          "attributes": {
            "arn": "arn:aws:organizations::211811255273:account/o-tiz1ddrmwn/119004746935",
            "close_on_deletion": false,
            "create_govcloud": false,
            "email": "choukseyarpit18@gmail.com",
            "govcloud_id": null,
            "iam_user_access_to_billing": null,
            "id": "119004746935",
            "joined_method": "CREATED",
            "joined_timestamp": "2026-05-01T09:50:00Z",
            "name": "dev-account",
            "parent_id": "r-pyfi",
            "role_name": null,
            "status": "ACTIVE",
            "tags": {
              "Environment": "management",
              "ManagedBy": "terraform",
              "Project": "terraform-multi-env"
            },
            "tags_all": {
              "Environment": "management",
              "ManagedBy": "terraform",
              "Project": "terraform-multi-env"
            },
            "timeouts": null
          },
          "sensitive_attributes": [],
          "identity_schema_version": 0,
          "private": "eyJlMmJmYjczMC1lY2FhLTExZTYtOGY4OC0zNDM2M2JjN2M0YzAiOnsiY3JlYXRlIjo2MDAwMDAwMDAwMDAsImRlbGV0ZSI6NjAwMDAwMDAwMDAwLCJ1cGRhdGUiOjYwMDAwMDAwMDAwMH19"
        },
        {
          "index_key": "devtest",
          "schema_version": 0,
          "attributes": {
            "arn": "arn:aws:organizations::211811255273:account/o-tiz1ddrmwn/639381489300",
            "close_on_deletion": false,
            "create_govcloud": false,
            "email": "yourmail+terraformdev@gmail.com",
            "govcloud_id": null,
            "iam_user_access_to_billing": null,
            "id": "639381489300",
            "joined_method": "CREATED",
            "joined_timestamp": "2026-05-01T10:00:07Z",
            "name": "devtest",
            "parent_id": "r-pyfi",
            "role_name": null,
            "status": "ACTIVE",
            "tags": {
              "Environment": "management",
              "ManagedBy": "terraform",
              "Project": "terraform-multi-env"
            },
            "tags_all": {
              "Environment": "management",
              "ManagedBy": "terraform",
              "Project": "terraform-multi-env"
            },
            "timeouts": null
          },
          "sensitive_attributes": [],
          "identity_schema_version": 0,
          "private": "eyJlMmJmYjczMC1lY2FhLTExZTYtOGY4OC0zNDM2M2JjN2M0YzAiOnsiY3JlYXRlIjo2MDAwMDAwMDAwMDAsImRlbGV0ZSI6NjAwMDAwMDAwMDAwLCJ1cGRhdGUiOjYwMDAwMDAwMDAwMH19"
        },
        {
          "index_key": "logging",
          "schema_version": 0,
          "attributes": {
            "arn": "arn:aws:organizations::211811255273:account/o-tiz1ddrmwn/389656352098",
            "close_on_deletion": false,
            "create_govcloud": false,
            "email": "choukseyaastha18@gmail.com",
            "govcloud_id": null,
            "iam_user_access_to_billing": null,
            "id": "389656352098",
            "joined_method": "CREATED",
            "joined_timestamp": "2026-05-10T09:19:42Z",
            "name": "logging-account",
            "parent_id": "r-pyfi",
            "role_name": null,
            "status": "ACTIVE",
            "tags": {
              "Environment": "management",
              "ManagedBy": "terraform",
              "Project": "terraform-multi-env"
            },
            "tags_all": {
              "Environment": "management",
              "ManagedBy": "terraform",
              "Project": "terraform-multi-env"
            },
            "timeouts": null
          },
          "sensitive_attributes": [],
          "identity_schema_version": 0,
          "private": "eyJlMmJmYjczMC1lY2FhLTExZTYtOGY4OC0zNDM2M2JjN2M0YzAiOnsiY3JlYXRlIjo2MDAwMDAwMDAwMDAsImRlbGV0ZSI6NjAwMDAwMDAwMDAwLCJ1cGRhdGUiOjYwMDAwMDAwMDAwMH19"
        },
        {
          "index_key": "prod",
          "schema_version": 0,
          "attributes": {
            "arn": "arn:aws:organizations::211811255273:account/o-tiz1ddrmwn/796761618375",
            "close_on_deletion": false,
            "create_govcloud": false,
            "email": "shrivastavasuruchi11@gmail.com",
            "govcloud_id": null,
            "iam_user_access_to_billing": null,
            "id": "796761618375",
            "joined_method": "CREATED",
            "joined_timestamp": "2026-05-01T10:02:44Z",
            "name": "prod-account",
            "parent_id": "r-pyfi",
            "role_name": null,
            "status": "ACTIVE",
            "tags": {
              "Environment": "management",
              "ManagedBy": "terraform",
              "Project": "terraform-multi-env"
            },
            "tags_all": {
              "Environment": "management",
              "ManagedBy": "terraform",
              "Project": "terraform-multi-env"
            },
            "timeouts": null
          },
          "sensitive_attributes": [],
          "identity_schema_version": 0,
          "private": "eyJlMmJmYjczMC1lY2FhLTExZTYtOGY4OC0zNDM2M2JjN2M0YzAiOnsiY3JlYXRlIjo2MDAwMDAwMDAwMDAsImRlbGV0ZSI6NjAwMDAwMDAwMDAwLCJ1cGRhdGUiOjYwMDAwMDAwMDAwMH19"
        }
      ]
    },
    {
      "module": "module.organization",
      "mode": "managed",
      "type": "aws_organizations_organization",
      "name": "this",
      "provider": "provider[\"registry.terraform.io/hashicorp/aws\"]",
      "instances": [
        {
          "schema_version": 0,
          "attributes": {
            "accounts": [
              {
                "arn": "arn:aws:organizations::211811255273:account/o-tiz1ddrmwn/526860034893",
                "email": "bharatchouksey2021@gmail.com",
                "id": "526860034893",
                "name": "connectivity-account",
                "status": "ACTIVE"
              },
              {
                "arn": "arn:aws:organizations::211811255273:account/o-tiz1ddrmwn/288947332919",
                "email": "arushikhare98@gmail.com",
                "id": "288947332919",
                "name": "audit-account",
                "status": "ACTIVE"
              },
              {
                "arn": "arn:aws:organizations::211811255273:account/o-tiz1ddrmwn/796761618375",
                "email": "shrivastavasuruchi11@gmail.com",
                "id": "796761618375",
                "name": "prod-account",
                "status": "ACTIVE"
              },
              {
                "arn": "arn:aws:organizations::211811255273:account/o-tiz1ddrmwn/119004746935",
                "email": "choukseyarpit18@gmail.com",
                "id": "119004746935",
                "name": "dev-account",
                "status": "ACTIVE"
              },
              {
                "arn": "arn:aws:organizations::211811255273:account/o-tiz1ddrmwn/211811255273",
                "email": "arpitchouksey18@gmail.com",
                "id": "211811255273",
                "name": "arpit chouksey",
                "status": "ACTIVE"
              },
              {
                "arn": "arn:aws:organizations::211811255273:account/o-tiz1ddrmwn/389656352098",
                "email": "choukseyaastha18@gmail.com",
                "id": "389656352098",
                "name": "logging-account",
                "status": "ACTIVE"
              },
              {
                "arn": "arn:aws:organizations::211811255273:account/o-tiz1ddrmwn/639381489300",
                "email": "yourmail+terraformdev@gmail.com",
                "id": "639381489300",
                "name": "devtest",
                "status": "ACTIVE"
              }
            ],
            "arn": "arn:aws:organizations::211811255273:organization/o-tiz1ddrmwn",
            "aws_service_access_principals": [
              "cloudtrail.amazonaws.com",
              "config.amazonaws.com"
            ],
            "enabled_policy_types": [],
            "feature_set": "ALL",
            "id": "o-tiz1ddrmwn",
            "master_account_arn": "arn:aws:organizations::211811255273:account/o-tiz1ddrmwn/211811255273",
            "master_account_email": "arpitchouksey18@gmail.com",
            "master_account_id": "211811255273",
            "master_account_name": "arpit chouksey",
            "non_master_accounts": [
              {
                "arn": "arn:aws:organizations::211811255273:account/o-tiz1ddrmwn/526860034893",
                "email": "bharatchouksey2021@gmail.com",
                "id": "526860034893",
                "name": "connectivity-account",
                "status": "ACTIVE"
              },
              {
                "arn": "arn:aws:organizations::211811255273:account/o-tiz1ddrmwn/288947332919",
                "email": "arushikhare98@gmail.com",
                "id": "288947332919",
                "name": "audit-account",
                "status": "ACTIVE"
              },
              {
                "arn": "arn:aws:organizations::211811255273:account/o-tiz1ddrmwn/796761618375",
                "email": "shrivastavasuruchi11@gmail.com",
                "id": "796761618375",
                "name": "prod-account",
                "status": "ACTIVE"
              },
              {
                "arn": "arn:aws:organizations::211811255273:account/o-tiz1ddrmwn/119004746935",
                "email": "choukseyarpit18@gmail.com",
                "id": "119004746935",
                "name": "dev-account",
                "status": "ACTIVE"
              },
              {
                "arn": "arn:aws:organizations::211811255273:account/o-tiz1ddrmwn/389656352098",
                "email": "choukseyaastha18@gmail.com",
                "id": "389656352098",
                "name": "logging-account",
                "status": "ACTIVE"
              },
              {
                "arn": "arn:aws:organizations::211811255273:account/o-tiz1ddrmwn/639381489300",
                "email": "yourmail+terraformdev@gmail.com",
                "id": "639381489300",
                "name": "devtest",
                "status": "ACTIVE"
              }
            ],
            "roots": [
              {
                "arn": "arn:aws:organizations::211811255273:root/o-tiz1ddrmwn/r-pyfi",
                "id": "r-pyfi",
                "name": "Root",
                "policy_types": []
              }
            ]
          },
          "sensitive_attributes": [],
          "identity_schema_version": 0,
          "private": "bnVsbA=="
        }
      ]
    }
  ],
  "check_results": null
}
