{
  "version": 4,
  "terraform_version": "1.13.4",
  "serial": 4,
  "lineage": "c1a58cd1-fed0-01b3-6663-9d9c52c0c354",
  "outputs": {},
  "resources": [
    {
      "module": "module.terraform_execution_role",
      "mode": "managed",
      "type": "aws_iam_role",
      "name": "terraform_execution_role",
      "provider": "provider[\"registry.terraform.io/hashicorp/aws\"]",
      "instances": [
        {
          "schema_version": 0,
          "attributes": {
            "arn": "arn:aws:iam::288947332919:role/TerraformExecutionRole",
            "assume_role_policy": "{\"Statement\":[{\"Action\":\"sts:AssumeRole\",\"Effect\":\"Allow\",\"Principal\":{\"AWS\":\"arn:aws:iam::211811255273:root\"}}],\"Version\":\"2012-10-17\"}",
            "create_date": "2026-05-10T09:29:56Z",
            "description": "",
            "force_detach_policies": false,
            "id": "TerraformExecutionRole",
            "inline_policy": [],
            "managed_policy_arns": [
              "arn:aws:iam::aws:policy/AdministratorAccess"
            ],
            "max_session_duration": 3600,
            "name": "TerraformExecutionRole",
            "name_prefix": "",
            "path": "/",
            "permissions_boundary": "",
            "tags": {
              "Environment": "audit",
              "ManagedBy": "terraform",
              "Project": "terraform-multi-env"
            },
            "tags_all": {
              "Environment": "audit",
              "ManagedBy": "terraform",
              "Project": "terraform-multi-env"
            },
            "unique_id": "AROAUGRU2M43QNRYBG3Z2"
          },
          "sensitive_attributes": [],
          "identity_schema_version": 0,
          "private": "bnVsbA=="
        }
      ]
    },
    {
      "module": "module.terraform_execution_role",
      "mode": "managed",
      "type": "aws_iam_role_policy_attachment",
      "name": "admin_attach",
      "provider": "provider[\"registry.terraform.io/hashicorp/aws\"]",
      "instances": [
        {
          "schema_version": 0,
          "attributes": {
            "id": "TerraformExecutionRole-arn:aws:iam::aws:policy/AdministratorAccess",
            "policy_arn": "arn:aws:iam::aws:policy/AdministratorAccess",
            "role": "TerraformExecutionRole"
          },
          "sensitive_attributes": [],
          "identity_schema_version": 0,
          "private": "eyJzY2hlbWFfdmVyc2lvbiI6IjAifQ==",
          "dependencies": [
            "module.terraform_execution_role.aws_iam_role.terraform_execution_role"
          ]
        }
      ]
    }
  ],
  "check_results": null
}
