{
  "version": 4,
  "terraform_version": "1.13.4",
  "serial": 75,
  "lineage": "703558c6-e6f4-bebf-243f-27098a14433a",
  "outputs": {},
  "resources": [
    {
      "module": "module.ssm_lambda",
      "mode": "managed",
      "type": "aws_s3_bucket",
      "name": "report_archive",
      "provider": "provider[\"registry.terraform.io/hashicorp/aws\"]",
      "instances": [
        {
          "schema_version": 0,
          "attributes": {
            "acceleration_status": "",
            "acl": null,
            "arn": "arn:aws:s3:::tosca-nprod-patching-reports",
            "bucket": "tosca-nprod-patching-reports",
            "bucket_domain_name": "tosca-nprod-patching-reports.s3.amazonaws.com",
            "bucket_prefix": "",
            "bucket_regional_domain_name": "tosca-nprod-patching-reports.s3.us-east-1.amazonaws.com",
            "cors_rule": [],
            "force_destroy": false,
            "grant": [
              {
                "id": "42b3ec6bb3dd226ef0ab044c7978a91e80a43570bc46c06b84958378ab80eb1d",
                "permissions": [
                  "FULL_CONTROL"
                ],
                "type": "CanonicalUser",
                "uri": ""
              }
            ],
            "hosted_zone_id": "Z3AQBSTGFYJSTF",
            "id": "tosca-nprod-patching-reports",
            "lifecycle_rule": [],
            "logging": [],
            "object_lock_configuration": [],
            "object_lock_enabled": false,
            "policy": "",
            "region": "us-east-1",
            "replication_configuration": [],
            "request_payer": "BucketOwner",
            "server_side_encryption_configuration": [
              {
                "rule": [
                  {
                    "apply_server_side_encryption_by_default": [
                      {
                        "kms_master_key_id": "",
                        "sse_algorithm": "AES256"
                      }
                    ],
                    "bucket_key_enabled": false
                  }
                ]
              }
            ],
            "tags": {
              "Environment": "nprod",
              "ManagedBy": "terraform",
              "Owner": "tosca-cloudops",
              "Project": "automated-patching"
            },
            "tags_all": {
              "Environment": "nprod",
              "ManagedBy": "terraform",
              "Owner": "tosca-cloudops",
              "Project": "automated-patching"
            },
            "timeouts": null,
            "versioning": [
              {
                "enabled": false,
                "mfa_delete": false
              }
            ],
            "website": [],
            "website_domain": null,
            "website_endpoint": null
          },
          "sensitive_attributes": [],
          "identity_schema_version": 0,
          "private": "eyJlMmJmYjczMC1lY2FhLTExZTYtOGY4OC0zNDM2M2JjN2M0YzAiOnsiY3JlYXRlIjoxMjAwMDAwMDAwMDAwLCJkZWxldGUiOjM2MDAwMDAwMDAwMDAsInJlYWQiOjEyMDAwMDAwMDAwMDAsInVwZGF0ZSI6MTIwMDAwMDAwMDAwMH19"
        }
      ]
    }
  ],
  "check_results": [
    {
      "object_kind": "var",
      "config_addr": "module.ssm_policy.var.operation_mode",
      "status": "unknown",
      "objects": null
    },
    {
      "object_kind": "var",
      "config_addr": "module.ssm_lambda.var.reboot_option",
      "status": "unknown",
      "objects": null
    }
  ]
}
