{
  "version": 4,
  "terraform_version": "1.13.4",
  "serial": 77,
  "lineage": "23c8e19d-8958-41a2-dfdc-a8adbb8b5114",
  "outputs": {},
  "resources": [
    {
      "mode": "managed",
      "type": "aws_vpc",
      "name": "connectivity_vpc",
      "provider": "provider[\"registry.terraform.io/hashicorp/aws\"]",
      "instances": [
        {
          "schema_version": 1,
          "attributes": {
            "arn": "arn:aws:ec2:us-east-1:526860034893:vpc/vpc-07d9cd9f11dc7928c",
            "assign_generated_ipv6_cidr_block": false,
            "cidr_block": "10.0.0.0/16",
            "default_network_acl_id": "acl-0515f453b8fb561f4",
            "default_route_table_id": "rtb-0356b3717113b4942",
            "default_security_group_id": "sg-0054a1f9ac7ec4072",
            "dhcp_options_id": "dopt-0942dd927f2c38d93",
            "enable_dns_hostnames": true,
            "enable_dns_support": true,
            "enable_network_address_usage_metrics": false,
            "id": "vpc-07d9cd9f11dc7928c",
            "instance_tenancy": "default",
            "ipv4_ipam_pool_id": null,
            "ipv4_netmask_length": null,
            "ipv6_association_id": "",
            "ipv6_cidr_block": "",
            "ipv6_cidr_block_network_border_group": "",
            "ipv6_ipam_pool_id": "",
            "ipv6_netmask_length": 0,
            "main_route_table_id": "rtb-0356b3717113b4942",
            "owner_id": "526860034893",
            "tags": {
              "Environment": "connectivity",
              "Name": "connectivity-vpc"
            },
            "tags_all": {
              "Environment": "connectivity",
              "ManagedBy": "Terraform",
              "Name": "connectivity-vpc",
              "Project": "terraform-multi-env"
            }
          },
          "sensitive_attributes": [],
          "identity_schema_version": 0,
          "private": "eyJzY2hlbWFfdmVyc2lvbiI6IjEifQ=="
        }
      ]
    }
  ],
  "check_results": null
}
