{
  "version": 4,
  "terraform_version": "1.13.4",
  "serial": 35,
  "lineage": "6d3f1a33-18c5-f17c-7d73-9ddabb7bb967",
  "outputs": {
    "association_ids": {
      "value": {
        "baseline_config": "6cb995ac-e8b1-495d-be04-ac87a1e5d0c2"
      },
      "type": [
        "object",
        {
          "baseline_config": "string"
        }
      ]
    },
    "custom_patch_baseline_keys": {
      "value": [],
      "type": [
        "tuple",
        []
      ]
    },
    "document_names": {
      "value": {
        "example_command_doc": "custom-example-command"
      },
      "type": [
        "object",
        {
          "example_command_doc": "string"
        }
      ]
    },
    "maintenance_window_ids": {
      "value": {
        "linux": "mw-0754351a5090c1a6a",
        "windows": "mw-0a0adde9883bbabbc"
      },
      "type": [
        "object",
        {
          "linux": "string",
          "windows": "string"
        }
      ]
    },
    "patch_baseline_ids": {
      "value": {
        "linux": "arn:aws:ssm:us-west-2:280605243866:patchbaseline/pb-0e930e75b392d70da",
        "windows": "arn:aws:ssm:us-west-2:280605243866:patchbaseline/pb-04fb4ae6142167966"
      },
      "type": [
        "object",
        {
          "linux": "string",
          "windows": "string"
        }
      ]
    },
    "patch_groups": {
      "value": {
        "linux": "dev-linux-patch-group",
        "windows": "dev-windows-patch-group"
      },
      "type": [
        "object",
        {
          "linux": "string",
          "windows": "string"
        }
      ]
    },
    "reporting_lambda_function_name": {
      "value": "dev-ssm-compliance-report",
      "type": "string"
    },
    "reports_bucket_name": {
      "value": "test-ssm-reports-dev-uswest2",
      "type": "string"
    },
    "reports_csv_prefix": {
      "value": "test-ssm-reports-dev-uswest2/Reports/",
      "type": "string"
    },
    "ssm_instance_profile_name": {
      "value": "dev-ssm-instance-profile",
      "type": "string"
    }
  },
  "resources": [
    {
      "module": "module.ssm",
      "mode": "data",
      "type": "archive_file",
      "name": "reporting_lambda",
      "provider": "provider[\"registry.terraform.io/hashicorp/archive\"]",
      "instances": [
        {
          "index_key": 0,
          "schema_version": 0,
          "attributes": {
            "exclude_symlink_directories": null,
            "excludes": null,
            "id": "c2d714eccb63f365020293e3dcfeebd6b0ffeb14",
            "output_base64sha256": "LmcEOXWIVBQ06nJSDFQ0tsURw/J2kUKdmJy+hmSb+y4=",
            "output_base64sha512": "Hrk31LULMHOkPGdoCJ1GYBb+DC0fZAZDNloBHpfrBX8j7sTmvV4mv2PfqLx65hi5OB9/urWjHVUdathvtC+e/A==",
            "output_file_mode": null,
            "output_md5": "26b593936c0a75d0edbaf8a6e4295886",
            "output_path": "../../../module/ssm-module/lambda-src/compliance_report.zip",
            "output_sha": "c2d714eccb63f365020293e3dcfeebd6b0ffeb14",
            "output_sha256": "2e6704397588541434ea72520c5434b6c511c3f27691429d989cbe86649bfb2e",
            "output_sha512": "1eb937d4b50b3073a43c6768089d466016fe0c2d1f640643365a011e97eb057f23eec4e6bd5e26bf63dfa8bc7ae618b9381f7fbab5a31d551d6ad86fb42f9efc",
            "output_size": 2065,
            "source": [],
            "source_content": null,
            "source_content_filename": null,
            "source_dir": null,
            "source_file": "../../../module/ssm-module/lambda-src/compliance_report.py",
            "type": "zip"
          },
          "sensitive_attributes": [],
          "identity_schema_version": 0
        }
      ]
    },
    {
      "module": "module.ssm",
      "mode": "data",
      "type": "aws_ssm_patch_baseline",
      "name": "default",
      "provider": "provider[\"registry.terraform.io/hashicorp/aws\"]",
      "instances": [
        {
          "index_key": "linux",
          "schema_version": 0,
          "attributes": {
            "approval_rule": [
              {
                "approve_after_days": 7,
                "approve_until_date": "",
                "compliance_level": "UNSPECIFIED",
                "enable_non_security": false,
                "patch_filter": [
                  {
                    "key": "CLASSIFICATION",
                    "values": [
                      "Security"
                    ]
                  },
                  {
                    "key": "SEVERITY",
                    "values": [
                      "Critical",
                      "Important"
                    ]
                  }
                ]
              },
              {
                "approve_after_days": 7,
                "approve_until_date": "",
                "compliance_level": "UNSPECIFIED",
                "enable_non_security": false,
                "patch_filter": [
                  {
                    "key": "CLASSIFICATION",
                    "values": [
                      "Bugfix"
                    ]
                  }
                ]
              }
            ],
            "approved_patches": [],
            "approved_patches_compliance_level": "UNSPECIFIED",
            "approved_patches_enable_non_security": false,
            "available_security_updates_compliance_status": "",
            "default_baseline": true,
            "description": "Default Patch Baseline for Amazon Linux 2 Provided by AWS.",
            "global_filter": [
              {
                "key": "PRODUCT",
                "values": [
                  "*"
                ]
              }
            ],
            "id": "arn:aws:ssm:us-west-2:280605243866:patchbaseline/pb-0e930e75b392d70da",
            "json": "{\n  \"ApprovalRules\": {\n    \"PatchRules\": [\n      {\n        \"PatchFilterGroup\": {\n          \"PatchFilters\": [\n            {\n              \"Key\": \"CLASSIFICATION\",\n              \"Values\": [\n                \"Security\"\n              ]\n            },\n            {\n              \"Key\": \"SEVERITY\",\n              \"Values\": [\n                \"Critical\",\n                \"Important\"\n              ]\n            }\n          ]\n        },\n        \"ApproveAfterDays\": 7,\n        \"ApproveUntilDate\": null,\n        \"ComplianceLevel\": \"UNSPECIFIED\",\n        \"EnableNonSecurity\": false\n      },\n      {\n        \"PatchFilterGroup\": {\n          \"PatchFilters\": [\n            {\n              \"Key\": \"CLASSIFICATION\",\n              \"Values\": [\n                \"Bugfix\"\n              ]\n            }\n          ]\n        },\n        \"ApproveAfterDays\": 7,\n        \"ApproveUntilDate\": null,\n        \"ComplianceLevel\": \"UNSPECIFIED\",\n        \"EnableNonSecurity\": false\n      }\n    ]\n  },\n  \"ApprovedPatches\": [],\n  \"ApprovedPatchesComplianceLevel\": \"UNSPECIFIED\",\n  \"ApprovedPatchesEnableNonSecurity\": false,\n  \"AvailableSecurityUpdatesComplianceStatus\": \"\",\n  \"BaselineId\": \"arn:aws:ssm:us-west-2:280605243866:patchbaseline/pb-0e930e75b392d70da\",\n  \"CreatedDate\": \"2018-06-21T09:30:25.746Z\",\n  \"Description\": \"Default Patch Baseline for Amazon Linux 2 Provided by AWS.\",\n  \"GlobalFilters\": {\n    \"PatchFilters\": [\n      {\n        \"Key\": \"PRODUCT\",\n        \"Values\": [\n          \"*\"\n        ]\n      }\n    ]\n  },\n  \"ModifiedDate\": \"2018-06-21T09:30:25.746Z\",\n  \"Name\": \"AWS-AmazonLinux2DefaultPatchBaseline\",\n  \"OperatingSystem\": \"AMAZON_LINUX_2\",\n  \"PatchGroups\": [\n    \"dev-linux-patch-group\"\n  ],\n  \"RejectedPatches\": [],\n  \"RejectedPatchesAction\": \"ALLOW_AS_DEPENDENCY\",\n  \"Sources\": [],\n  \"ResultMetadata\": {}\n}",
            "name": "AWS-AmazonLinux2DefaultPatchBaseline",
            "name_prefix": null,
            "operating_system": "AMAZON_LINUX_2",
            "owner": "AWS",
            "region": "us-west-2",
            "rejected_patches": [],
            "rejected_patches_action": "ALLOW_AS_DEPENDENCY",
            "source": []
          },
          "sensitive_attributes": [],
          "identity_schema_version": 0
        },
        {
          "index_key": "windows",
          "schema_version": 0,
          "attributes": {
            "approval_rule": [
              {
                "approve_after_days": 7,
                "approve_until_date": "",
                "compliance_level": "UNSPECIFIED",
                "enable_non_security": false,
                "patch_filter": [
                  {
                    "key": "CLASSIFICATION",
                    "values": [
                      "CriticalUpdates",
                      "SecurityUpdates"
                    ]
                  },
                  {
                    "key": "MSRC_SEVERITY",
                    "values": [
                      "Critical",
                      "Important"
                    ]
                  }
                ]
              }
            ],
            "approved_patches": [],
            "approved_patches_compliance_level": "UNSPECIFIED",
            "approved_patches_enable_non_security": false,
            "available_security_updates_compliance_status": "NON_COMPLIANT",
            "default_baseline": true,
            "description": "Default Patch Baseline Provided by AWS.",
            "global_filter": [
              {
                "key": "PRODUCT",
                "values": [
                  "*"
                ]
              }
            ],
            "id": "arn:aws:ssm:us-west-2:280605243866:patchbaseline/pb-04fb4ae6142167966",
            "json": "{\n  \"ApprovalRules\": {\n    \"PatchRules\": [\n      {\n        \"PatchFilterGroup\": {\n          \"PatchFilters\": [\n            {\n              \"Key\": \"CLASSIFICATION\",\n              \"Values\": [\n                \"CriticalUpdates\",\n                \"SecurityUpdates\"\n              ]\n            },\n            {\n              \"Key\": \"MSRC_SEVERITY\",\n              \"Values\": [\n                \"Critical\",\n                \"Important\"\n              ]\n            }\n          ]\n        },\n        \"ApproveAfterDays\": 7,\n        \"ApproveUntilDate\": null,\n        \"ComplianceLevel\": \"UNSPECIFIED\",\n        \"EnableNonSecurity\": false\n      }\n    ]\n  },\n  \"ApprovedPatches\": [],\n  \"ApprovedPatchesComplianceLevel\": \"UNSPECIFIED\",\n  \"ApprovedPatchesEnableNonSecurity\": false,\n  \"AvailableSecurityUpdatesComplianceStatus\": \"NON_COMPLIANT\",\n  \"BaselineId\": \"arn:aws:ssm:us-west-2:280605243866:patchbaseline/pb-04fb4ae6142167966\",\n  \"CreatedDate\": \"2018-05-04T02:25:48.414Z\",\n  \"Description\": \"Default Patch Baseline Provided by AWS.\",\n  \"GlobalFilters\": {\n    \"PatchFilters\": [\n      {\n        \"Key\": \"PRODUCT\",\n        \"Values\": [\n          \"*\"\n        ]\n      }\n    ]\n  },\n  \"ModifiedDate\": \"2018-05-04T02:25:48.414Z\",\n  \"Name\": \"AWS-DefaultPatchBaseline\",\n  \"OperatingSystem\": \"WINDOWS\",\n  \"PatchGroups\": [\n    \"dev-windows-patch-group\"\n  ],\n  \"RejectedPatches\": [],\n  \"RejectedPatchesAction\": \"ALLOW_AS_DEPENDENCY\",\n  \"Sources\": [],\n  \"ResultMetadata\": {}\n}",
            "name": "AWS-DefaultPatchBaseline",
            "name_prefix": null,
            "operating_system": "WINDOWS",
            "owner": "AWS",
            "region": "us-west-2",
            "rejected_patches": [],
            "rejected_patches_action": "ALLOW_AS_DEPENDENCY",
            "source": []
          },
          "sensitive_attributes": [],
          "identity_schema_version": 0
        }
      ]
    },
    {
      "module": "module.ssm",
      "mode": "managed",
      "type": "aws_cloudwatch_event_rule",
      "name": "reporting_after_patch_run",
      "provider": "provider[\"registry.terraform.io/hashicorp/aws\"]",
      "instances": [
        {
          "index_key": 0,
          "schema_version": 1,
          "attributes": {
            "arn": "arn:aws:events:us-west-2:211811255273:rule/dev-ssm-compliance-report-after-patch-run",
            "description": "",
            "event_bus_name": "default",
            "event_pattern": "{\"detail\":{\"status\":[\"SUCCESS\",\"FAILED\",\"TIMED_OUT\"],\"window-id\":[\"mw-0754351a5090c1a6a\",\"mw-0a0adde9883bbabbc\"]},\"detail-type\":[\"Maintenance Window Execution State-change\"],\"source\":[\"aws.ssm\"]}",
            "force_destroy": false,
            "id": "dev-ssm-compliance-report-after-patch-run",
            "is_enabled": true,
            "name": "dev-ssm-compliance-report-after-patch-run",
            "name_prefix": "",
            "region": "us-west-2",
            "role_arn": "",
            "schedule_expression": "",
            "state": "ENABLED",
            "tags": {},
            "tags_all": {}
          },
          "sensitive_attributes": [],
          "identity_schema_version": 0,
          "identity": {
            "account_id": "211811255273",
            "name": "dev-ssm-compliance-report-after-patch-run",
            "region": "us-west-2"
          },
          "private": "eyJzY2hlbWFfdmVyc2lvbiI6IjEifQ==",
          "dependencies": [
            "module.ssm.aws_ssm_maintenance_window.patching"
          ]
        }
      ]
    },
    {
      "module": "module.ssm",
      "mode": "managed",
      "type": "aws_cloudwatch_event_rule",
      "name": "reporting_schedule",
      "provider": "provider[\"registry.terraform.io/hashicorp/aws\"]",
      "instances": [
        {
          "index_key": 0,
          "schema_version": 1,
          "attributes": {
            "arn": "arn:aws:events:us-west-2:211811255273:rule/dev-ssm-compliance-report-schedule",
            "description": "",
            "event_bus_name": "default",
            "event_pattern": null,
            "force_destroy": false,
            "id": "dev-ssm-compliance-report-schedule",
            "is_enabled": true,
            "name": "dev-ssm-compliance-report-schedule",
            "name_prefix": "",
            "region": "us-west-2",
            "role_arn": "",
            "schedule_expression": "rate(1 day)",
            "state": "ENABLED",
            "tags": {},
            "tags_all": {}
          },
          "sensitive_attributes": [],
          "identity_schema_version": 0,
          "identity": {
            "account_id": "211811255273",
            "name": "dev-ssm-compliance-report-schedule",
            "region": "us-west-2"
          },
          "private": "eyJzY2hlbWFfdmVyc2lvbiI6IjEifQ=="
        }
      ]
    },
    {
      "module": "module.ssm",
      "mode": "managed",
      "type": "aws_cloudwatch_event_target",
      "name": "reporting_after_patch_run",
      "provider": "provider[\"registry.terraform.io/hashicorp/aws\"]",
      "instances": [
        {
          "index_key": 0,
          "schema_version": 1,
          "attributes": {
            "appsync_target": [],
            "arn": "arn:aws:lambda:us-west-2:211811255273:function:dev-ssm-compliance-report",
            "batch_target": [],
            "dead_letter_config": [],
            "ecs_target": [],
            "event_bus_name": "default",
            "force_destroy": false,
            "http_target": [],
            "id": "dev-ssm-compliance-report-after-patch-run-reporting-lambda-after-patch-run",
            "input": "",
            "input_path": "",
            "input_transformer": [],
            "kinesis_target": [],
            "redshift_target": [],
            "region": "us-west-2",
            "retry_policy": [],
            "role_arn": "",
            "rule": "dev-ssm-compliance-report-after-patch-run",
            "run_command_targets": [],
            "sagemaker_pipeline_target": [],
            "sqs_target": [],
            "target_id": "reporting-lambda-after-patch-run"
          },
          "sensitive_attributes": [],
          "identity_schema_version": 0,
          "identity": {
            "account_id": "211811255273",
            "event_bus_name": "default",
            "region": "us-west-2",
            "rule": "dev-ssm-compliance-report-after-patch-run",
            "target_id": "reporting-lambda-after-patch-run"
          },
          "private": "eyJzY2hlbWFfdmVyc2lvbiI6IjEifQ==",
          "dependencies": [
            "module.ssm.aws_cloudwatch_event_rule.reporting_after_patch_run",
            "module.ssm.aws_iam_role.reporting_lambda_role",
            "module.ssm.aws_lambda_function.reporting",
            "module.ssm.aws_s3_bucket.reports",
            "module.ssm.aws_ssm_maintenance_window.patching",
            "module.ssm.data.archive_file.reporting_lambda"
          ]
        }
      ]
    },
    {
      "module": "module.ssm",
      "mode": "managed",
      "type": "aws_cloudwatch_event_target",
      "name": "reporting_schedule",
      "provider": "provider[\"registry.terraform.io/hashicorp/aws\"]",
      "instances": [
        {
          "index_key": 0,
          "schema_version": 1,
          "attributes": {
            "appsync_target": [],
            "arn": "arn:aws:lambda:us-west-2:211811255273:function:dev-ssm-compliance-report",
            "batch_target": [],
            "dead_letter_config": [],
            "ecs_target": [],
            "event_bus_name": "default",
            "force_destroy": false,
            "http_target": [],
            "id": "dev-ssm-compliance-report-schedule-reporting-lambda-schedule",
            "input": "",
            "input_path": "",
            "input_transformer": [],
            "kinesis_target": [],
            "redshift_target": [],
            "region": "us-west-2",
            "retry_policy": [],
            "role_arn": "",
            "rule": "dev-ssm-compliance-report-schedule",
            "run_command_targets": [],
            "sagemaker_pipeline_target": [],
            "sqs_target": [],
            "target_id": "reporting-lambda-schedule"
          },
          "sensitive_attributes": [],
          "identity_schema_version": 0,
          "identity": {
            "account_id": "211811255273",
            "event_bus_name": "default",
            "region": "us-west-2",
            "rule": "dev-ssm-compliance-report-schedule",
            "target_id": "reporting-lambda-schedule"
          },
          "private": "eyJzY2hlbWFfdmVyc2lvbiI6IjEifQ==",
          "dependencies": [
            "module.ssm.aws_cloudwatch_event_rule.reporting_schedule",
            "module.ssm.aws_iam_role.reporting_lambda_role",
            "module.ssm.aws_lambda_function.reporting",
            "module.ssm.aws_s3_bucket.reports",
            "module.ssm.data.archive_file.reporting_lambda"
          ]
        }
      ]
    },
    {
      "module": "module.ssm",
      "mode": "managed",
      "type": "aws_iam_instance_profile",
      "name": "ssm_profile",
      "provider": "provider[\"registry.terraform.io/hashicorp/aws\"]",
      "instances": [
        {
          "schema_version": 0,
          "attributes": {
            "arn": "arn:aws:iam::211811255273:instance-profile/dev-ssm-instance-profile",
            "create_date": "2026-08-05T11:35:20Z",
            "id": "dev-ssm-instance-profile",
            "name": "dev-ssm-instance-profile",
            "name_prefix": "",
            "path": "/",
            "role": "dev-ssm-role",
            "tags": {},
            "tags_all": {},
            "unique_id": "AIPATCUHPIPU4JMUCJEOZ"
          },
          "sensitive_attributes": [],
          "identity_schema_version": 0,
          "identity": {
            "account_id": "211811255273",
            "name": "dev-ssm-instance-profile"
          },
          "private": "bnVsbA==",
          "dependencies": [
            "module.ssm.aws_iam_role.ssm_role"
          ]
        }
      ]
    },
    {
      "module": "module.ssm",
      "mode": "managed",
      "type": "aws_iam_role",
      "name": "mw_task_role",
      "provider": "provider[\"registry.terraform.io/hashicorp/aws\"]",
      "instances": [
        {
          "index_key": 0,
          "schema_version": 0,
          "attributes": {
            "arn": "arn:aws:iam::211811255273:role/dev-ssm-mw-task-role",
            "assume_role_policy": "{\"Statement\":[{\"Action\":\"sts:AssumeRole\",\"Effect\":\"Allow\",\"Principal\":{\"Service\":\"ssm.amazonaws.com\"}}],\"Version\":\"2012-10-17\"}",
            "create_date": "2026-08-05T11:35:19Z",
            "description": "",
            "force_detach_policies": false,
            "id": "dev-ssm-mw-task-role",
            "inline_policy": [],
            "managed_policy_arns": [
              "arn:aws:iam::aws:policy/service-role/AmazonSSMMaintenanceWindowRole"
            ],
            "max_session_duration": 3600,
            "name": "dev-ssm-mw-task-role",
            "name_prefix": "",
            "path": "/",
            "permissions_boundary": "",
            "tags": {
              "Environment": "dev",
              "ManagedBy": "terraform"
            },
            "tags_all": {
              "Environment": "dev",
              "ManagedBy": "terraform"
            },
            "unique_id": "AROATCUHPIPU5KK22DHGT"
          },
          "sensitive_attributes": [],
          "identity_schema_version": 0,
          "identity": {
            "account_id": "211811255273",
            "name": "dev-ssm-mw-task-role"
          },
          "private": "bnVsbA=="
        }
      ]
    },
    {
      "module": "module.ssm",
      "mode": "managed",
      "type": "aws_iam_role",
      "name": "reporting_lambda_role",
      "provider": "provider[\"registry.terraform.io/hashicorp/aws\"]",
      "instances": [
        {
          "index_key": 0,
          "schema_version": 0,
          "attributes": {
            "arn": "arn:aws:iam::211811255273:role/dev-ssm-compliance-report-role",
            "assume_role_policy": "{\"Statement\":[{\"Action\":\"sts:AssumeRole\",\"Effect\":\"Allow\",\"Principal\":{\"Service\":\"lambda.amazonaws.com\"}}],\"Version\":\"2012-10-17\"}",
            "create_date": "2026-08-05T11:35:19Z",
            "description": "",
            "force_detach_policies": false,
            "id": "dev-ssm-compliance-report-role",
            "inline_policy": [],
            "managed_policy_arns": [
              "arn:aws:iam::aws:policy/service-role/AWSLambdaBasicExecutionRole"
            ],
            "max_session_duration": 3600,
            "name": "dev-ssm-compliance-report-role",
            "name_prefix": "",
            "path": "/",
            "permissions_boundary": "",
            "tags": {
              "Environment": "dev",
              "ManagedBy": "terraform"
            },
            "tags_all": {
              "Environment": "dev",
              "ManagedBy": "terraform"
            },
            "unique_id": "AROATCUHPIPUXKJVI2LLQ"
          },
          "sensitive_attributes": [],
          "identity_schema_version": 0,
          "identity": {
            "account_id": "211811255273",
            "name": "dev-ssm-compliance-report-role"
          },
          "private": "bnVsbA=="
        }
      ]
    },
    {
      "module": "module.ssm",
      "mode": "managed",
      "type": "aws_iam_role",
      "name": "ssm_role",
      "provider": "provider[\"registry.terraform.io/hashicorp/aws\"]",
      "instances": [
        {
          "schema_version": 0,
          "attributes": {
            "arn": "arn:aws:iam::211811255273:role/dev-ssm-role",
            "assume_role_policy": "{\"Statement\":[{\"Action\":\"sts:AssumeRole\",\"Effect\":\"Allow\",\"Principal\":{\"Service\":\"ec2.amazonaws.com\"}}],\"Version\":\"2012-10-17\"}",
            "create_date": "2026-08-05T11:35:19Z",
            "description": "",
            "force_detach_policies": false,
            "id": "dev-ssm-role",
            "inline_policy": [],
            "managed_policy_arns": [
              "arn:aws:iam::aws:policy/AmazonSSMManagedInstanceCore"
            ],
            "max_session_duration": 3600,
            "name": "dev-ssm-role",
            "name_prefix": "",
            "path": "/",
            "permissions_boundary": "",
            "tags": {
              "Environment": "dev",
              "ManagedBy": "terraform"
            },
            "tags_all": {
              "Environment": "dev",
              "ManagedBy": "terraform"
            },
            "unique_id": "AROATCUHPIPU35RCZLET2"
          },
          "sensitive_attributes": [],
          "identity_schema_version": 0,
          "identity": {
            "account_id": "211811255273",
            "name": "dev-ssm-role"
          },
          "private": "bnVsbA=="
        }
      ]
    },
    {
      "module": "module.ssm",
      "mode": "managed",
      "type": "aws_iam_role_policy",
      "name": "reporting_lambda_permissions",
      "provider": "provider[\"registry.terraform.io/hashicorp/aws\"]",
      "instances": [
        {
          "index_key": 0,
          "schema_version": 0,
          "attributes": {
            "id": "dev-ssm-compliance-report-role:dev-ssm-compliance-report-permissions",
            "name": "dev-ssm-compliance-report-permissions",
            "name_prefix": "",
            "policy": "{\"Version\":\"2012-10-17\",\"Statement\":[{\"Action\":[\"ssm:ListComplianceItems\",\"ssm:ListResourceComplianceSummaryItems\",\"ssm:DescribeInstanceInformation\",\"ec2:DescribeInstances\"],\"Effect\":\"Allow\",\"Resource\":\"*\",\"Sid\":\"ReadComplianceAndInventoryData\"},{\"Action\":[\"s3:PutObject\"],\"Effect\":\"Allow\",\"Resource\":\"arn:aws:s3:::test-ssm-reports-dev-uswest2/Reports/*\",\"Sid\":\"WriteReportsToOwnBucket\"}]}",
            "role": "dev-ssm-compliance-report-role"
          },
          "sensitive_attributes": [],
          "identity_schema_version": 0,
          "identity": {
            "account_id": "211811255273",
            "name": "dev-ssm-compliance-report-permissions",
            "role": "dev-ssm-compliance-report-role"
          },
          "private": "bnVsbA==",
          "dependencies": [
            "module.ssm.aws_iam_role.reporting_lambda_role",
            "module.ssm.aws_s3_bucket.reports"
          ]
        }
      ]
    },
    {
      "module": "module.ssm",
      "mode": "managed",
      "type": "aws_iam_role_policy",
      "name": "ssm_reports_write",
      "provider": "provider[\"registry.terraform.io/hashicorp/aws\"]",
      "instances": [
        {
          "index_key": 0,
          "schema_version": 0,
          "attributes": {
            "id": "dev-ssm-role:dev-ssm-reports-write",
            "name": "dev-ssm-reports-write",
            "name_prefix": "",
            "policy": "{\"Version\":\"2012-10-17\",\"Statement\":[{\"Action\":[\"s3:PutObject\",\"s3:GetBucketLocation\"],\"Effect\":\"Allow\",\"Resource\":[\"arn:aws:s3:::test-ssm-reports-dev-uswest2\",\"arn:aws:s3:::test-ssm-reports-dev-uswest2/*\"]}]}",
            "role": "dev-ssm-role"
          },
          "sensitive_attributes": [],
          "identity_schema_version": 0,
          "identity": {
            "account_id": "211811255273",
            "name": "dev-ssm-reports-write",
            "role": "dev-ssm-role"
          },
          "private": "bnVsbA==",
          "dependencies": [
            "module.ssm.aws_iam_role.ssm_role",
            "module.ssm.aws_s3_bucket.reports"
          ]
        }
      ]
    },
    {
      "module": "module.ssm",
      "mode": "managed",
      "type": "aws_iam_role_policy_attachment",
      "name": "mw_task_role_policy",
      "provider": "provider[\"registry.terraform.io/hashicorp/aws\"]",
      "instances": [
        {
          "index_key": 0,
          "schema_version": 0,
          "attributes": {
            "id": "dev-ssm-mw-task-role/arn:aws:iam::aws:policy/service-role/AmazonSSMMaintenanceWindowRole",
            "policy_arn": "arn:aws:iam::aws:policy/service-role/AmazonSSMMaintenanceWindowRole",
            "role": "dev-ssm-mw-task-role"
          },
          "sensitive_attributes": [],
          "identity_schema_version": 0,
          "identity": {
            "account_id": "211811255273",
            "policy_arn": "arn:aws:iam::aws:policy/service-role/AmazonSSMMaintenanceWindowRole",
            "role": "dev-ssm-mw-task-role"
          },
          "private": "bnVsbA==",
          "dependencies": [
            "module.ssm.aws_iam_role.mw_task_role"
          ]
        }
      ]
    },
    {
      "module": "module.ssm",
      "mode": "managed",
      "type": "aws_iam_role_policy_attachment",
      "name": "reporting_lambda_basic_logs",
      "provider": "provider[\"registry.terraform.io/hashicorp/aws\"]",
      "instances": [
        {
          "index_key": 0,
          "schema_version": 0,
          "attributes": {
            "id": "dev-ssm-compliance-report-role/arn:aws:iam::aws:policy/service-role/AWSLambdaBasicExecutionRole",
            "policy_arn": "arn:aws:iam::aws:policy/service-role/AWSLambdaBasicExecutionRole",
            "role": "dev-ssm-compliance-report-role"
          },
          "sensitive_attributes": [],
          "identity_schema_version": 0,
          "identity": {
            "account_id": "211811255273",
            "policy_arn": "arn:aws:iam::aws:policy/service-role/AWSLambdaBasicExecutionRole",
            "role": "dev-ssm-compliance-report-role"
          },
          "private": "bnVsbA==",
          "dependencies": [
            "module.ssm.aws_iam_role.reporting_lambda_role"
          ]
        }
      ]
    },
    {
      "module": "module.ssm",
      "mode": "managed",
      "type": "aws_iam_role_policy_attachment",
      "name": "ssm_core",
      "provider": "provider[\"registry.terraform.io/hashicorp/aws\"]",
      "instances": [
        {
          "schema_version": 0,
          "attributes": {
            "id": "dev-ssm-role/arn:aws:iam::aws:policy/AmazonSSMManagedInstanceCore",
            "policy_arn": "arn:aws:iam::aws:policy/AmazonSSMManagedInstanceCore",
            "role": "dev-ssm-role"
          },
          "sensitive_attributes": [],
          "identity_schema_version": 0,
          "identity": {
            "account_id": "211811255273",
            "policy_arn": "arn:aws:iam::aws:policy/AmazonSSMManagedInstanceCore",
            "role": "dev-ssm-role"
          },
          "private": "bnVsbA==",
          "dependencies": [
            "module.ssm.aws_iam_role.ssm_role"
          ]
        }
      ]
    },
    {
      "module": "module.ssm",
      "mode": "managed",
      "type": "aws_lambda_function",
      "name": "reporting",
      "provider": "provider[\"registry.terraform.io/hashicorp/aws\"]",
      "instances": [
        {
          "index_key": 0,
          "schema_version": 0,
          "attributes": {
            "architectures": [
              "x86_64"
            ],
            "arn": "arn:aws:lambda:us-west-2:211811255273:function:dev-ssm-compliance-report",
            "capacity_provider_config": [],
            "code_sha256": "LmcEOXWIVBQ06nJSDFQ0tsURw/J2kUKdmJy+hmSb+y4=",
            "code_signing_config_arn": "",
            "dead_letter_config": [],
            "description": "",
            "durable_config": [],
            "environment": [
              {
                "variables": {
                  "REPORTS_BUCKET": "test-ssm-reports-dev-uswest2",
                  "REPORTS_PREFIX": "Reports/"
                }
              }
            ],
            "ephemeral_storage": [
              {
                "size": 512
              }
            ],
            "file_system_config": [],
            "filename": "../../../module/ssm-module/lambda-src/compliance_report.zip",
            "function_name": "dev-ssm-compliance-report",
            "handler": "compliance_report.handler",
            "id": "dev-ssm-compliance-report",
            "image_config": [],
            "image_uri": "",
            "invoke_arn": "arn:aws:apigateway:us-west-2:lambda:path/2015-03-31/functions/arn:aws:lambda:us-west-2:211811255273:function:dev-ssm-compliance-report/invocations",
            "kms_key_arn": "",
            "last_modified": "2026-08-05T11:37:12.380+0000",
            "layers": null,
            "logging_config": [
              {
                "application_log_level": "",
                "log_format": "Text",
                "log_group": "/aws/lambda/dev-ssm-compliance-report",
                "system_log_level": ""
              }
            ],
            "memory_size": 256,
            "package_type": "Zip",
            "publish": false,
            "publish_to": null,
            "qualified_arn": "arn:aws:lambda:us-west-2:211811255273:function:dev-ssm-compliance-report:$LATEST",
            "qualified_invoke_arn": "arn:aws:apigateway:us-west-2:lambda:path/2015-03-31/functions/arn:aws:lambda:us-west-2:211811255273:function:dev-ssm-compliance-report:$LATEST/invocations",
            "region": "us-west-2",
            "replace_security_groups_on_destroy": null,
            "replacement_security_group_ids": null,
            "reserved_concurrent_executions": -1,
            "response_streaming_invoke_arn": "arn:aws:apigateway:us-west-2:lambda:path/2021-11-15/functions/arn:aws:lambda:us-west-2:211811255273:function:dev-ssm-compliance-report/response-streaming-invocations",
            "role": "arn:aws:iam::211811255273:role/dev-ssm-compliance-report-role",
            "runtime": "python3.12",
            "s3_bucket": null,
            "s3_key": null,
            "s3_object_version": null,
            "signing_job_arn": "",
            "signing_profile_version_arn": "",
            "skip_destroy": false,
            "snap_start": [],
            "source_code_hash": "LmcEOXWIVBQ06nJSDFQ0tsURw/J2kUKdmJy+hmSb+y4=",
            "source_code_size": 2065,
            "source_kms_key_arn": "",
            "tags": {
              "Environment": "dev",
              "ManagedBy": "terraform"
            },
            "tags_all": {
              "Environment": "dev",
              "ManagedBy": "terraform"
            },
            "tenancy_config": [],
            "timeout": 300,
            "timeouts": null,
            "tracing_config": [
              {
                "mode": "PassThrough"
              }
            ],
            "use_resource_timeout_for_propagation": null,
            "version": "$LATEST",
            "vpc_config": []
          },
          "sensitive_attributes": [],
          "identity_schema_version": 0,
          "identity": {
            "account_id": "211811255273",
            "function_name": "dev-ssm-compliance-report",
            "region": "us-west-2"
          },
          "private": "eyJlMmJmYjczMC1lY2FhLTExZTYtOGY4OC0zNDM2M2JjN2M0YzAiOnsiY3JlYXRlIjo2MDAwMDAwMDAwMDAsImRlbGV0ZSI6NjAwMDAwMDAwMDAwLCJ1cGRhdGUiOjYwMDAwMDAwMDAwMH19",
          "dependencies": [
            "module.ssm.aws_iam_role.reporting_lambda_role",
            "module.ssm.aws_s3_bucket.reports",
            "module.ssm.data.archive_file.reporting_lambda"
          ]
        }
      ]
    },
    {
      "module": "module.ssm",
      "mode": "managed",
      "type": "aws_lambda_permission",
      "name": "allow_after_patch_run",
      "provider": "provider[\"registry.terraform.io/hashicorp/aws\"]",
      "instances": [
        {
          "index_key": 0,
          "schema_version": 0,
          "attributes": {
            "action": "lambda:InvokeFunction",
            "event_source_token": null,
            "function_name": "dev-ssm-compliance-report",
            "function_url_auth_type": null,
            "id": "AllowExecutionFromPatchRunEvent",
            "invoked_via_function_url": null,
            "principal": "events.amazonaws.com",
            "principal_org_id": null,
            "qualifier": "",
            "region": "us-west-2",
            "source_account": null,
            "source_arn": "arn:aws:events:us-west-2:211811255273:rule/dev-ssm-compliance-report-after-patch-run",
            "statement_id": "AllowExecutionFromPatchRunEvent",
            "statement_id_prefix": "",
            "timeouts": null
          },
          "sensitive_attributes": [],
          "identity_schema_version": 0,
          "identity": {
            "account_id": "211811255273",
            "function_name": "dev-ssm-compliance-report",
            "qualifier": null,
            "region": "us-west-2",
            "statement_id": "AllowExecutionFromPatchRunEvent"
          },
          "private": "eyJlMmJmYjczMC1lY2FhLTExZTYtOGY4OC0zNDM2M2JjN2M0YzAiOnsiY3JlYXRlIjozMDAwMDAwMDAwMDAsImRlbGV0ZSI6MzAwMDAwMDAwMDAwLCJyZWFkIjozMDAwMDAwMDAwMDB9fQ==",
          "dependencies": [
            "module.ssm.aws_cloudwatch_event_rule.reporting_after_patch_run",
            "module.ssm.aws_iam_role.reporting_lambda_role",
            "module.ssm.aws_lambda_function.reporting",
            "module.ssm.aws_s3_bucket.reports",
            "module.ssm.aws_ssm_maintenance_window.patching",
            "module.ssm.data.archive_file.reporting_lambda"
          ]
        }
      ]
    },
    {
      "module": "module.ssm",
      "mode": "managed",
      "type": "aws_lambda_permission",
      "name": "allow_schedule",
      "provider": "provider[\"registry.terraform.io/hashicorp/aws\"]",
      "instances": [
        {
          "index_key": 0,
          "schema_version": 0,
          "attributes": {
            "action": "lambda:InvokeFunction",
            "event_source_token": null,
            "function_name": "dev-ssm-compliance-report",
            "function_url_auth_type": null,
            "id": "AllowExecutionFromEventBridgeSchedule",
            "invoked_via_function_url": null,
            "principal": "events.amazonaws.com",
            "principal_org_id": null,
            "qualifier": "",
            "region": "us-west-2",
            "source_account": null,
            "source_arn": "arn:aws:events:us-west-2:211811255273:rule/dev-ssm-compliance-report-schedule",
            "statement_id": "AllowExecutionFromEventBridgeSchedule",
            "statement_id_prefix": "",
            "timeouts": null
          },
          "sensitive_attributes": [],
          "identity_schema_version": 0,
          "identity": {
            "account_id": "211811255273",
            "function_name": "dev-ssm-compliance-report",
            "qualifier": null,
            "region": "us-west-2",
            "statement_id": "AllowExecutionFromEventBridgeSchedule"
          },
          "private": "eyJlMmJmYjczMC1lY2FhLTExZTYtOGY4OC0zNDM2M2JjN2M0YzAiOnsiY3JlYXRlIjozMDAwMDAwMDAwMDAsImRlbGV0ZSI6MzAwMDAwMDAwMDAwLCJyZWFkIjozMDAwMDAwMDAwMDB9fQ==",
          "dependencies": [
            "module.ssm.aws_cloudwatch_event_rule.reporting_schedule",
            "module.ssm.aws_iam_role.reporting_lambda_role",
            "module.ssm.aws_lambda_function.reporting",
            "module.ssm.aws_s3_bucket.reports",
            "module.ssm.data.archive_file.reporting_lambda"
          ]
        }
      ]
    },
    {
      "module": "module.ssm",
      "mode": "managed",
      "type": "aws_s3_bucket",
      "name": "reports",
      "provider": "provider[\"registry.terraform.io/hashicorp/aws\"]",
      "instances": [
        {
          "index_key": 0,
          "schema_version": 0,
          "attributes": {
            "acceleration_status": "",
            "acl": null,
            "arn": "arn:aws:s3:::test-ssm-reports-dev-uswest2",
            "bucket": "test-ssm-reports-dev-uswest2",
            "bucket_domain_name": "test-ssm-reports-dev-uswest2.s3.amazonaws.com",
            "bucket_namespace": "global",
            "bucket_prefix": "",
            "bucket_region": "us-west-2",
            "bucket_regional_domain_name": "test-ssm-reports-dev-uswest2.s3.us-west-2.amazonaws.com",
            "cors_rule": [],
            "force_destroy": false,
            "grant": [
              {
                "id": "42b3ec6bb3dd226ef0ab044c7978a91e80a43570bc46c06b84958378ab80eb1d",
                "permissions": [
                  "FULL_CONTROL"
                ],
                "type": "CanonicalUser",
                "uri": ""
              }
            ],
            "hosted_zone_id": "Z3BJ6K6RIION7M",
            "id": "test-ssm-reports-dev-uswest2",
            "lifecycle_rule": [],
            "logging": [],
            "object_lock_configuration": [],
            "object_lock_enabled": false,
            "policy": "",
            "region": "us-west-2",
            "replication_configuration": [],
            "request_payer": "BucketOwner",
            "server_side_encryption_configuration": [
              {
                "rule": [
                  {
                    "apply_server_side_encryption_by_default": [
                      {
                        "kms_master_key_id": "",
                        "sse_algorithm": "AES256"
                      }
                    ],
                    "bucket_key_enabled": false
                  }
                ]
              }
            ],
            "tags": {
              "Environment": "dev",
              "ManagedBy": "terraform"
            },
            "tags_all": {
              "Environment": "dev",
              "ManagedBy": "terraform"
            },
            "timeouts": null,
            "versioning": [
              {
                "enabled": false,
                "mfa_delete": false
              }
            ],
            "website": [],
            "website_domain": null,
            "website_endpoint": null
          },
          "sensitive_attributes": [],
          "identity_schema_version": 0,
          "identity": {
            "account_id": "211811255273",
            "bucket": "test-ssm-reports-dev-uswest2",
            "region": "us-west-2"
          },
          "private": "eyJlMmJmYjczMC1lY2FhLTExZTYtOGY4OC0zNDM2M2JjN2M0YzAiOnsiY3JlYXRlIjoxMjAwMDAwMDAwMDAwLCJkZWxldGUiOjM2MDAwMDAwMDAwMDAsInJlYWQiOjEyMDAwMDAwMDAwMDAsInVwZGF0ZSI6MTIwMDAwMDAwMDAwMH19"
        }
      ]
    },
    {
      "module": "module.ssm",
      "mode": "managed",
      "type": "aws_s3_bucket_policy",
      "name": "reports",
      "provider": "provider[\"registry.terraform.io/hashicorp/aws\"]",
      "instances": [
        {
          "index_key": 0,
          "schema_version": 0,
          "attributes": {
            "bucket": "test-ssm-reports-dev-uswest2",
            "id": "test-ssm-reports-dev-uswest2",
            "policy": "{\"Statement\":[{\"Action\":[\"s3:PutObject\",\"s3:GetBucketLocation\"],\"Effect\":\"Allow\",\"Principal\":{\"AWS\":\"arn:aws:iam::211811255273:role/dev-ssm-role\"},\"Resource\":[\"arn:aws:s3:::test-ssm-reports-dev-uswest2\",\"arn:aws:s3:::test-ssm-reports-dev-uswest2/*\"],\"Sid\":\"SSMInstanceRoleWrite\"},{\"Action\":[\"s3:PutObject\",\"s3:GetBucketLocation\"],\"Effect\":\"Allow\",\"Principal\":{\"Service\":\"ssm.amazonaws.com\"},\"Resource\":[\"arn:aws:s3:::test-ssm-reports-dev-uswest2\",\"arn:aws:s3:::test-ssm-reports-dev-uswest2/*\"],\"Sid\":\"SSMServicePrincipalWrite\"}],\"Version\":\"2012-10-17\"}",
            "region": "us-west-2"
          },
          "sensitive_attributes": [],
          "identity_schema_version": 0,
          "identity": {
            "account_id": "211811255273",
            "bucket": "test-ssm-reports-dev-uswest2",
            "region": "us-west-2"
          },
          "private": "bnVsbA==",
          "dependencies": [
            "module.ssm.aws_iam_role.ssm_role",
            "module.ssm.aws_s3_bucket.reports"
          ]
        }
      ]
    },
    {
      "module": "module.ssm",
      "mode": "managed",
      "type": "aws_s3_bucket_public_access_block",
      "name": "reports",
      "provider": "provider[\"registry.terraform.io/hashicorp/aws\"]",
      "instances": [
        {
          "index_key": 0,
          "schema_version": 0,
          "attributes": {
            "block_public_acls": true,
            "block_public_policy": true,
            "bucket": "test-ssm-reports-dev-uswest2",
            "id": "test-ssm-reports-dev-uswest2",
            "ignore_public_acls": true,
            "region": "us-west-2",
            "restrict_public_buckets": true,
            "skip_destroy": null
          },
          "sensitive_attributes": [],
          "identity_schema_version": 0,
          "identity": {
            "account_id": "211811255273",
            "bucket": "test-ssm-reports-dev-uswest2",
            "region": "us-west-2"
          },
          "private": "bnVsbA==",
          "dependencies": [
            "module.ssm.aws_s3_bucket.reports"
          ]
        }
      ]
    },
    {
      "module": "module.ssm",
      "mode": "managed",
      "type": "aws_s3_bucket_server_side_encryption_configuration",
      "name": "reports",
      "provider": "provider[\"registry.terraform.io/hashicorp/aws\"]",
      "instances": [
        {
          "index_key": 0,
          "schema_version": 0,
          "attributes": {
            "bucket": "test-ssm-reports-dev-uswest2",
            "expected_bucket_owner": "",
            "id": "test-ssm-reports-dev-uswest2",
            "region": "us-west-2",
            "rule": [
              {
                "apply_server_side_encryption_by_default": [
                  {
                    "kms_master_key_id": "",
                    "sse_algorithm": "AES256"
                  }
                ],
                "blocked_encryption_types": [
                  "SSE-C"
                ],
                "bucket_key_enabled": false
              }
            ]
          },
          "sensitive_attributes": [],
          "identity_schema_version": 1,
          "identity": {
            "account_id": "211811255273",
            "bucket": "test-ssm-reports-dev-uswest2",
            "region": "us-west-2"
          },
          "private": "bnVsbA==",
          "dependencies": [
            "module.ssm.aws_s3_bucket.reports"
          ]
        }
      ]
    },
    {
      "module": "module.ssm",
      "mode": "managed",
      "type": "aws_s3_bucket_versioning",
      "name": "reports",
      "provider": "provider[\"registry.terraform.io/hashicorp/aws\"]",
      "instances": [
        {
          "index_key": 0,
          "schema_version": 0,
          "attributes": {
            "bucket": "test-ssm-reports-dev-uswest2",
            "expected_bucket_owner": "",
            "id": "test-ssm-reports-dev-uswest2",
            "mfa": null,
            "region": "us-west-2",
            "versioning_configuration": [
              {
                "mfa_delete": "Disabled",
                "status": "Enabled"
              }
            ]
          },
          "sensitive_attributes": [],
          "identity_schema_version": 1,
          "identity": {
            "account_id": "211811255273",
            "bucket": "test-ssm-reports-dev-uswest2",
            "region": "us-west-2"
          },
          "private": "bnVsbA==",
          "dependencies": [
            "module.ssm.aws_s3_bucket.reports"
          ]
        }
      ]
    },
    {
      "module": "module.ssm",
      "mode": "managed",
      "type": "aws_ssm_association",
      "name": "inventory",
      "provider": "provider[\"registry.terraform.io/hashicorp/aws\"]",
      "instances": [
        {
          "index_key": 0,
          "schema_version": 1,
          "attributes": {
            "apply_only_at_cron_interval": false,
            "arn": "arn:aws:ssm:us-west-2:211811255273:association/32db3a06-a098-4fbc-8a5d-c89fbda2ee73",
            "association_id": "32db3a06-a098-4fbc-8a5d-c89fbda2ee73",
            "association_name": "dev-inventory",
            "automation_target_parameter_name": "",
            "calendar_names": null,
            "compliance_severity": "",
            "document_version": "$DEFAULT",
            "id": "32db3a06-a098-4fbc-8a5d-c89fbda2ee73",
            "max_concurrency": "",
            "max_errors": "",
            "name": "AWS-GatherSoftwareInventory",
            "output_location": [
              {
                "s3_bucket_name": "test-ssm-reports-dev-uswest2",
                "s3_key_prefix": "inventory/",
                "s3_region": ""
              }
            ],
            "parameters": {},
            "region": "us-west-2",
            "schedule_expression": "rate(1 day)",
            "sync_compliance": "",
            "tags": null,
            "tags_all": {},
            "targets": [
              {
                "key": "tag:Environment",
                "values": [
                  "dev",
                  "staging"
                ]
              }
            ],
            "wait_for_success_timeout_seconds": null
          },
          "sensitive_attributes": [],
          "identity_schema_version": 0,
          "identity": {
            "account_id": "211811255273",
            "association_id": "32db3a06-a098-4fbc-8a5d-c89fbda2ee73",
            "region": "us-west-2"
          },
          "private": "eyJzY2hlbWFfdmVyc2lvbiI6IjEifQ==",
          "dependencies": [
            "module.ssm.aws_s3_bucket.reports"
          ]
        }
      ]
    },
    {
      "module": "module.ssm",
      "mode": "managed",
      "type": "aws_ssm_association",
      "name": "this",
      "provider": "provider[\"registry.terraform.io/hashicorp/aws\"]",
      "instances": [
        {
          "index_key": "baseline_config",
          "schema_version": 1,
          "attributes": {
            "apply_only_at_cron_interval": false,
            "arn": "arn:aws:ssm:us-west-2:211811255273:association/6cb995ac-e8b1-495d-be04-ac87a1e5d0c2",
            "association_id": "6cb995ac-e8b1-495d-be04-ac87a1e5d0c2",
            "association_name": "enforce-baseline-config",
            "automation_target_parameter_name": "",
            "calendar_names": null,
            "compliance_severity": "MEDIUM",
            "document_version": "$DEFAULT",
            "id": "6cb995ac-e8b1-495d-be04-ac87a1e5d0c2",
            "max_concurrency": "50%",
            "max_errors": "10%",
            "name": "custom-example-command",
            "output_location": [
              {
                "s3_bucket_name": "test-ssm-reports-dev-uswest2",
                "s3_key_prefix": "associations/enforce-baseline-config/",
                "s3_region": ""
              }
            ],
            "parameters": {},
            "region": "us-west-2",
            "schedule_expression": "rate(7 days)",
            "sync_compliance": "",
            "tags": null,
            "tags_all": {},
            "targets": [
              {
                "key": "tag:Environment",
                "values": [
                  "dev",
                  "staging"
                ]
              }
            ],
            "wait_for_success_timeout_seconds": null
          },
          "sensitive_attributes": [],
          "identity_schema_version": 0,
          "identity": {
            "account_id": "211811255273",
            "association_id": "6cb995ac-e8b1-495d-be04-ac87a1e5d0c2",
            "region": "us-west-2"
          },
          "private": "eyJzY2hlbWFfdmVyc2lvbiI6IjEifQ==",
          "dependencies": [
            "module.ssm.aws_s3_bucket.reports",
            "module.ssm.aws_ssm_document.this"
          ]
        }
      ]
    },
    {
      "module": "module.ssm",
      "mode": "managed",
      "type": "aws_ssm_document",
      "name": "this",
      "provider": "provider[\"registry.terraform.io/hashicorp/aws\"]",
      "instances": [
        {
          "index_key": "example_command_doc",
          "schema_version": 0,
          "attributes": {
            "arn": "arn:aws:ssm:us-west-2:211811255273:document/custom-example-command",
            "attachments_source": [],
            "content": "{\n  \"schemaVersion\": \"2.2\",\n  \"description\": \"Example custom document - replace with real automation\",\n  \"mainSteps\": [\n    {\n      \"action\": \"aws:runShellScript\",\n      \"name\": \"example\",\n      \"inputs\": {\n        \"runCommand\": [\"echo hello from custom document\"]\n      }\n    }\n  ]\n}\n",
            "created_date": "2026-08-05T11:35:19Z",
            "default_version": "1",
            "description": "Example custom document - replace with real automation",
            "document_format": "JSON",
            "document_type": "Command",
            "document_version": "1",
            "hash": "a3a80284378a236e24929815dc882c8c76779ac2e1eacc6e0f7d041972724233",
            "hash_type": "Sha256",
            "id": "custom-example-command",
            "latest_version": "1",
            "name": "custom-example-command",
            "owner": "211811255273",
            "parameter": [],
            "permissions": {},
            "platform_types": [
              "Linux",
              "MacOS"
            ],
            "region": "us-west-2",
            "schema_version": "2.2",
            "status": "Active",
            "tags": {
              "Environment": "dev",
              "ManagedBy": "terraform"
            },
            "tags_all": {
              "Environment": "dev",
              "ManagedBy": "terraform"
            },
            "target_type": "",
            "version_name": ""
          },
          "sensitive_attributes": [],
          "identity_schema_version": 0,
          "identity": {
            "account_id": "211811255273",
            "name": "custom-example-command",
            "region": "us-west-2"
          },
          "private": "bnVsbA=="
        }
      ]
    },
    {
      "module": "module.ssm",
      "mode": "managed",
      "type": "aws_ssm_maintenance_window",
      "name": "patching",
      "provider": "provider[\"registry.terraform.io/hashicorp/aws\"]",
      "instances": [
        {
          "index_key": "linux",
          "schema_version": 0,
          "attributes": {
            "allow_unassociated_targets": false,
            "cutoff": 1,
            "description": "",
            "duration": 4,
            "enabled": true,
            "end_date": "",
            "id": "mw-0754351a5090c1a6a",
            "name": "dev-linux-patch-window",
            "region": "us-west-2",
            "schedule": "cron(0 2 ? * SUN *)",
            "schedule_offset": 0,
            "schedule_timezone": "",
            "start_date": "",
            "tags": {
              "Environment": "dev",
              "ManagedBy": "terraform"
            },
            "tags_all": {
              "Environment": "dev",
              "ManagedBy": "terraform"
            }
          },
          "sensitive_attributes": [],
          "identity_schema_version": 0,
          "identity": {
            "account_id": "211811255273",
            "id": "mw-0754351a5090c1a6a",
            "region": "us-west-2"
          },
          "private": "bnVsbA=="
        },
        {
          "index_key": "windows",
          "schema_version": 0,
          "attributes": {
            "allow_unassociated_targets": false,
            "cutoff": 1,
            "description": "",
            "duration": 4,
            "enabled": true,
            "end_date": "",
            "id": "mw-0a0adde9883bbabbc",
            "name": "dev-windows-patch-window",
            "region": "us-west-2",
            "schedule": "cron(0 3 ? * SUN *)",
            "schedule_offset": 0,
            "schedule_timezone": "",
            "start_date": "",
            "tags": {
              "Environment": "dev",
              "ManagedBy": "terraform"
            },
            "tags_all": {
              "Environment": "dev",
              "ManagedBy": "terraform"
            }
          },
          "sensitive_attributes": [],
          "identity_schema_version": 0,
          "identity": {
            "account_id": "211811255273",
            "id": "mw-0a0adde9883bbabbc",
            "region": "us-west-2"
          },
          "private": "bnVsbA=="
        }
      ]
    },
    {
      "module": "module.ssm",
      "mode": "managed",
      "type": "aws_ssm_maintenance_window_target",
      "name": "patching",
      "provider": "provider[\"registry.terraform.io/hashicorp/aws\"]",
      "instances": [
        {
          "index_key": "linux",
          "schema_version": 0,
          "attributes": {
            "description": "",
            "id": "0883c20b-5903-4705-828d-c0607c05bc26",
            "name": "",
            "owner_information": "",
            "region": "us-west-2",
            "resource_type": "INSTANCE",
            "targets": [
              {
                "key": "tag:Environment",
                "values": [
                  "dev",
                  "staging"
                ]
              },
              {
                "key": "tag:OS",
                "values": [
                  "linux"
                ]
              }
            ],
            "window_id": "mw-0754351a5090c1a6a"
          },
          "sensitive_attributes": [],
          "identity_schema_version": 0,
          "identity": {
            "account_id": "211811255273",
            "id": "0883c20b-5903-4705-828d-c0607c05bc26",
            "region": "us-west-2",
            "window_id": "mw-0754351a5090c1a6a"
          },
          "private": "bnVsbA==",
          "dependencies": [
            "module.ssm.aws_ssm_maintenance_window.patching"
          ]
        },
        {
          "index_key": "windows",
          "schema_version": 0,
          "attributes": {
            "description": "",
            "id": "dd7824b3-5ea4-4005-a3fe-a29d44e5b0b3",
            "name": "",
            "owner_information": "",
            "region": "us-west-2",
            "resource_type": "INSTANCE",
            "targets": [
              {
                "key": "tag:Environment",
                "values": [
                  "dev",
                  "staging"
                ]
              },
              {
                "key": "tag:OS",
                "values": [
                  "windows"
                ]
              }
            ],
            "window_id": "mw-0a0adde9883bbabbc"
          },
          "sensitive_attributes": [],
          "identity_schema_version": 0,
          "identity": {
            "account_id": "211811255273",
            "id": "dd7824b3-5ea4-4005-a3fe-a29d44e5b0b3",
            "region": "us-west-2",
            "window_id": "mw-0a0adde9883bbabbc"
          },
          "private": "bnVsbA==",
          "dependencies": [
            "module.ssm.aws_ssm_maintenance_window.patching"
          ]
        }
      ]
    },
    {
      "module": "module.ssm",
      "mode": "managed",
      "type": "aws_ssm_maintenance_window_task",
      "name": "patching",
      "provider": "provider[\"registry.terraform.io/hashicorp/aws\"]",
      "instances": [
        {
          "index_key": "linux",
          "schema_version": 0,
          "attributes": {
            "arn": "arn:aws:ssm:us-west-2:211811255273:windowtask/384b0160-a7a3-4b88-b6f3-6bd4ab1fce65",
            "cutoff_behavior": "",
            "description": "",
            "id": "384b0160-a7a3-4b88-b6f3-6bd4ab1fce65",
            "max_concurrency": "100%",
            "max_errors": "10%",
            "name": "",
            "priority": 1,
            "region": "us-west-2",
            "service_role_arn": "arn:aws:iam::211811255273:role/dev-ssm-mw-task-role",
            "targets": [
              {
                "key": "WindowTargetIds",
                "values": [
                  "0883c20b-5903-4705-828d-c0607c05bc26"
                ]
              }
            ],
            "task_arn": "AWS-RunPatchBaseline",
            "task_invocation_parameters": [
              {
                "automation_parameters": [],
                "lambda_parameters": [],
                "run_command_parameters": [
                  {
                    "cloudwatch_config": [],
                    "comment": "",
                    "document_hash": "",
                    "document_hash_type": "",
                    "document_version": "",
                    "notification_config": [],
                    "output_s3_bucket": "test-ssm-reports-dev-uswest2",
                    "output_s3_key_prefix": "patch-runs/linux/",
                    "parameter": [
                      {
                        "name": "Operation",
                        "values": [
                          "Install"
                        ]
                      }
                    ],
                    "service_role_arn": "",
                    "timeout_seconds": 0
                  }
                ],
                "step_functions_parameters": []
              }
            ],
            "task_type": "RUN_COMMAND",
            "window_id": "mw-0754351a5090c1a6a",
            "window_task_id": "384b0160-a7a3-4b88-b6f3-6bd4ab1fce65"
          },
          "sensitive_attributes": [],
          "identity_schema_version": 0,
          "identity": {
            "account_id": "211811255273",
            "id": "384b0160-a7a3-4b88-b6f3-6bd4ab1fce65",
            "region": "us-west-2",
            "window_id": "mw-0754351a5090c1a6a"
          },
          "private": "bnVsbA==",
          "dependencies": [
            "module.ssm.aws_iam_role.mw_task_role",
            "module.ssm.aws_s3_bucket.reports",
            "module.ssm.aws_ssm_maintenance_window.patching",
            "module.ssm.aws_ssm_maintenance_window_target.patching"
          ]
        },
        {
          "index_key": "windows",
          "schema_version": 0,
          "attributes": {
            "arn": "arn:aws:ssm:us-west-2:211811255273:windowtask/36478e31-558b-49c3-94c3-0111fd35fb76",
            "cutoff_behavior": "",
            "description": "",
            "id": "36478e31-558b-49c3-94c3-0111fd35fb76",
            "max_concurrency": "25%",
            "max_errors": "10%",
            "name": "",
            "priority": 1,
            "region": "us-west-2",
            "service_role_arn": "arn:aws:iam::211811255273:role/dev-ssm-mw-task-role",
            "targets": [
              {
                "key": "WindowTargetIds",
                "values": [
                  "dd7824b3-5ea4-4005-a3fe-a29d44e5b0b3"
                ]
              }
            ],
            "task_arn": "AWS-RunPatchBaseline",
            "task_invocation_parameters": [
              {
                "automation_parameters": [],
                "lambda_parameters": [],
                "run_command_parameters": [
                  {
                    "cloudwatch_config": [],
                    "comment": "",
                    "document_hash": "",
                    "document_hash_type": "",
                    "document_version": "",
                    "notification_config": [],
                    "output_s3_bucket": "test-ssm-reports-dev-uswest2",
                    "output_s3_key_prefix": "patch-runs/windows/",
                    "parameter": [
                      {
                        "name": "Operation",
                        "values": [
                          "Install"
                        ]
                      }
                    ],
                    "service_role_arn": "",
                    "timeout_seconds": 0
                  }
                ],
                "step_functions_parameters": []
              }
            ],
            "task_type": "RUN_COMMAND",
            "window_id": "mw-0a0adde9883bbabbc",
            "window_task_id": "36478e31-558b-49c3-94c3-0111fd35fb76"
          },
          "sensitive_attributes": [],
          "identity_schema_version": 0,
          "identity": {
            "account_id": "211811255273",
            "id": "36478e31-558b-49c3-94c3-0111fd35fb76",
            "region": "us-west-2",
            "window_id": "mw-0a0adde9883bbabbc"
          },
          "private": "bnVsbA==",
          "dependencies": [
            "module.ssm.aws_iam_role.mw_task_role",
            "module.ssm.aws_s3_bucket.reports",
            "module.ssm.aws_ssm_maintenance_window.patching",
            "module.ssm.aws_ssm_maintenance_window_target.patching"
          ]
        }
      ]
    },
    {
      "module": "module.ssm",
      "mode": "managed",
      "type": "aws_ssm_patch_group",
      "name": "this",
      "provider": "provider[\"registry.terraform.io/hashicorp/aws\"]",
      "instances": [
        {
          "index_key": "linux",
          "schema_version": 1,
          "attributes": {
            "baseline_id": "arn:aws:ssm:us-west-2:280605243866:patchbaseline/pb-0e930e75b392d70da",
            "id": "dev-linux-patch-group,arn:aws:ssm:us-west-2:280605243866:patchbaseline/pb-0e930e75b392d70da",
            "patch_group": "dev-linux-patch-group",
            "region": "us-west-2"
          },
          "sensitive_attributes": [],
          "identity_schema_version": 0,
          "identity": {
            "account_id": "211811255273",
            "baseline_id": "arn:aws:ssm:us-west-2:280605243866:patchbaseline/pb-0e930e75b392d70da",
            "patch_group": "dev-linux-patch-group",
            "region": "us-west-2"
          },
          "private": "eyJzY2hlbWFfdmVyc2lvbiI6IjEifQ==",
          "dependencies": [
            "module.ssm.aws_ssm_patch_baseline.this",
            "module.ssm.data.aws_ssm_patch_baseline.default"
          ]
        },
        {
          "index_key": "windows",
          "schema_version": 1,
          "attributes": {
            "baseline_id": "arn:aws:ssm:us-west-2:280605243866:patchbaseline/pb-04fb4ae6142167966",
            "id": "dev-windows-patch-group,arn:aws:ssm:us-west-2:280605243866:patchbaseline/pb-04fb4ae6142167966",
            "patch_group": "dev-windows-patch-group",
            "region": "us-west-2"
          },
          "sensitive_attributes": [],
          "identity_schema_version": 0,
          "identity": {
            "account_id": "211811255273",
            "baseline_id": "arn:aws:ssm:us-west-2:280605243866:patchbaseline/pb-04fb4ae6142167966",
            "patch_group": "dev-windows-patch-group",
            "region": "us-west-2"
          },
          "private": "eyJzY2hlbWFfdmVyc2lvbiI6IjEifQ==",
          "dependencies": [
            "module.ssm.aws_ssm_patch_baseline.this",
            "module.ssm.data.aws_ssm_patch_baseline.default"
          ]
        }
      ]
    }
  ],
  "check_results": [
    {
      "object_kind": "var",
      "config_addr": "module.ssm.var.patch_configs",
      "status": "pass",
      "objects": [
        {
          "object_addr": "module.ssm.var.patch_configs",
          "status": "pass"
        }
      ]
    }
  ]
}
